# This file is automatically @generated by Poetry 2.1.2 and should not be changed by hand.

[[package]]
name = "pyecoventv2"
version = "0.9.23"
description = "Python3 library for single-room energy recovery ventilators from Vents / Blauberg / Flexit"
optional = false
python-versions = ">=3.6.7"
groups = ["main"]
files = [
    {file = "pyecoventv2-0.9.23-py3-none-any.whl", hash = "sha256:5195e5797021936180da074a6f8653a1f0652a9952fef30afdb756dcd7a50488"},
    {file = "pyecoventv2-0.9.23.tar.gz", hash = "sha256:3560ab58b94f35ae9dbf4a37c3073275b86a93a2a6e893c8b4bee979ba524863"},
]

[metadata]
lock-version = "2.1"
python-versions = "^3.9"
content-hash = "670bdd6c22b7f263df8aa196f91f45a10d0d650876f9fa2f1ef100c940242fca"
